
Microsoft Visual Studio Solution File, Format Version 12.00
# Visual Studio Version 17
VisualStudioVersion = 17.7.34202.233
MinimumVisualStudioVersion = 10.0.40219.1
Project("{FAE04EC0-301F-11D3-BF4B-00C04F79EFBC}") = "ex4_yba", "ex4_yba\ex4_yba.csproj", "{19AFC049-B5BA-41F8-A59D-3B5A68352363}"
EndProject
Global
	GlobalSection(SolutionConfigurationPlatforms) = preSolution
		Debug|Any CPU = Debug|Any CPU
		Release|Any CPU = Release|Any CPU
	EndGlobalSection
	GlobalSection(ProjectConfigurationPlatforms) = postSolution
		{19AFC049-B5BA-41F8-A59D-3B5A68352363}.Debug|Any CPU.ActiveCfg = Debug|Any CPU
		{19AFC049-B5BA-41F8-A59D-3B5A68352363}.Debug|Any CPU.Build.0 = Debug|Any CPU
		{19AFC049-B5BA-41F8-A59D-3B5A68352363}.Release|Any CPU.ActiveCfg = Release|Any CPU
		{19AFC049-B5BA-41F8-A59D-3B5A68352363}.Release|Any CPU.Build.0 = Release|Any CPU
	EndGlobalSection
	GlobalSection(SolutionProperties) = preSolution
		HideSolutionNode = FALSE
	EndGlobalSection
	GlobalSection(ExtensibilityGlobals) = postSolution
		SolutionGuid = {B1A38C85-810A-45C7-8237-55E80B21F6B7}
	EndGlobalSection
EndGlobal
