
Microsoft Visual Studio Solution File, Format Version 12.00
# Visual Studio Version 17
VisualStudioVersion = 17.4.33122.133
MinimumVisualStudioVersion = 10.0.40219.1
Project("{FAE04EC0-301F-11D3-BF4B-00C04F79EFBC}") = "CopyDataStruct", "CopyDataStruct\CopyDataStruct.csproj", "{4418A527-9147-4A2A-95C4-7F7A79188284}"
EndProject
Global
	GlobalSection(SolutionConfigurationPlatforms) = preSolution
		Debug|Any CPU = Debug|Any CPU
		Release|Any CPU = Release|Any CPU
	EndGlobalSection
	GlobalSection(ProjectConfigurationPlatforms) = postSolution
		{4418A527-9147-4A2A-95C4-7F7A79188284}.Debug|Any CPU.ActiveCfg = Debug|Any CPU
		{4418A527-9147-4A2A-95C4-7F7A79188284}.Debug|Any CPU.Build.0 = Debug|Any CPU
		{4418A527-9147-4A2A-95C4-7F7A79188284}.Release|Any CPU.ActiveCfg = Release|Any CPU
		{4418A527-9147-4A2A-95C4-7F7A79188284}.Release|Any CPU.Build.0 = Release|Any CPU
	EndGlobalSection
	GlobalSection(SolutionProperties) = preSolution
		HideSolutionNode = FALSE
	EndGlobalSection
	GlobalSection(ExtensibilityGlobals) = postSolution
		SolutionGuid = {B0FF54BC-EDBD-4E04-9FA1-A5E7347E0AE7}
	EndGlobalSection
EndGlobal
