
Microsoft Visual Studio Solution File, Format Version 12.00
# Visual Studio Version 17
VisualStudioVersion = 17.4.33122.133
MinimumVisualStudioVersion = 10.0.40219.1
Project("{FAE04EC0-301F-11D3-BF4B-00C04F79EFBC}") = "ReceiverC", "ReceiverC\ReceiverC.csproj", "{5052420B-F54E-4B45-96AF-6B510F88B002}"
EndProject
Global
	GlobalSection(SolutionConfigurationPlatforms) = preSolution
		Debug|Any CPU = Debug|Any CPU
		Release|Any CPU = Release|Any CPU
	EndGlobalSection
	GlobalSection(ProjectConfigurationPlatforms) = postSolution
		{5052420B-F54E-4B45-96AF-6B510F88B002}.Debug|Any CPU.ActiveCfg = Debug|Any CPU
		{5052420B-F54E-4B45-96AF-6B510F88B002}.Debug|Any CPU.Build.0 = Debug|Any CPU
		{5052420B-F54E-4B45-96AF-6B510F88B002}.Release|Any CPU.ActiveCfg = Release|Any CPU
		{5052420B-F54E-4B45-96AF-6B510F88B002}.Release|Any CPU.Build.0 = Release|Any CPU
	EndGlobalSection
	GlobalSection(SolutionProperties) = preSolution
		HideSolutionNode = FALSE
	EndGlobalSection
	GlobalSection(ExtensibilityGlobals) = postSolution
		SolutionGuid = {9E08E1D9-1B2F-49A2-9DDA-06A9C2A50274}
	EndGlobalSection
EndGlobal
